
Microsoft Visual Studio Solution File, Format Version 12.00
# Visual Studio Version 16
VisualStudioVersion = 16.0.29519.181
MinimumVisualStudioVersion = 10.0.40219.1
Project("{9A19103F-16F7-4668-BE54-9A1E7A4F7556}") = "SampleTests", "Examples\SampleTests\SampleTests.csproj", "{13D5CA91-08F5-4F58-921A-9879FEAD571B}"
EndProject
Project("{9A19103F-16F7-4668-BE54-9A1E7A4F7556}") = "RedisChannelSubscriber", "Examples\RedisChannelSubscriber\RedisChannelSubscriber.csproj", "{195563F0-76CC-41D7-836F-BC7DE6BFC75A}"
EndProject
Global
	GlobalSection(SolutionConfigurationPlatforms) = preSolution
		Debug|Any CPU = Debug|Any CPU
		Release|Any CPU = Release|Any CPU
	EndGlobalSection
	GlobalSection(ProjectConfigurationPlatforms) = postSolution
		{13D5CA91-08F5-4F58-921A-9879FEAD571B}.Debug|Any CPU.ActiveCfg = Debug|Any CPU
		{13D5CA91-08F5-4F58-921A-9879FEAD571B}.Debug|Any CPU.Build.0 = Debug|Any CPU
		{13D5CA91-08F5-4F58-921A-9879FEAD571B}.Release|Any CPU.ActiveCfg = Release|Any CPU
		{13D5CA91-08F5-4F58-921A-9879FEAD571B}.Release|Any CPU.Build.0 = Release|Any CPU
		{195563F0-76CC-41D7-836F-BC7DE6BFC75A}.Debug|Any CPU.ActiveCfg = Debug|Any CPU
		{195563F0-76CC-41D7-836F-BC7DE6BFC75A}.Debug|Any CPU.Build.0 = Debug|Any CPU
		{195563F0-76CC-41D7-836F-BC7DE6BFC75A}.Release|Any CPU.ActiveCfg = Release|Any CPU
		{195563F0-76CC-41D7-836F-BC7DE6BFC75A}.Release|Any CPU.Build.0 = Release|Any CPU
	EndGlobalSection
	GlobalSection(SolutionProperties) = preSolution
		HideSolutionNode = FALSE
	EndGlobalSection
	GlobalSection(ExtensibilityGlobals) = postSolution
		SolutionGuid = {203BE733-7BAE-48CE-876D-BD65C353C7A5}
	EndGlobalSection
EndGlobal
